
Microsoft Visual Studio Solution File, Format Version 12.00
# Visual Studio 2017
Project("{FAE04EC0-301F-11D3-BF4B-00C04F79EFBC}") = "Turtle_Bomb_(180223)", "Turtle_Bomb_(180223).csproj", "{0C5928DE-B3A5-65E1-EC28-110D9A9B7C4D}"
EndProject
Project("{FAE04EC0-301F-11D3-BF4B-00C04F79EFBC}") = "Turtle_Bomb_(180223).Editor", "Turtle_Bomb_(180223).Editor.csproj", "{69C90BCD-FB7E-9F90-492E-BE3DC77AE440}"
EndProject
Global
	GlobalSection(SolutionConfigurationPlatforms) = preSolution
		Debug|Any CPU = Debug|Any CPU
		Release|Any CPU = Release|Any CPU
	EndGlobalSection
	GlobalSection(ProjectConfigurationPlatforms) = postSolution
		{0C5928DE-B3A5-65E1-EC28-110D9A9B7C4D}.Debug|Any CPU.ActiveCfg = Debug|Any CPU
		{0C5928DE-B3A5-65E1-EC28-110D9A9B7C4D}.Debug|Any CPU.Build.0 = Debug|Any CPU
		{0C5928DE-B3A5-65E1-EC28-110D9A9B7C4D}.Release|Any CPU.ActiveCfg = Release|Any CPU
		{0C5928DE-B3A5-65E1-EC28-110D9A9B7C4D}.Release|Any CPU.Build.0 = Release|Any CPU
		{69C90BCD-FB7E-9F90-492E-BE3DC77AE440}.Debug|Any CPU.ActiveCfg = Debug|Any CPU
		{69C90BCD-FB7E-9F90-492E-BE3DC77AE440}.Debug|Any CPU.Build.0 = Debug|Any CPU
		{69C90BCD-FB7E-9F90-492E-BE3DC77AE440}.Release|Any CPU.ActiveCfg = Release|Any CPU
		{69C90BCD-FB7E-9F90-492E-BE3DC77AE440}.Release|Any CPU.Build.0 = Release|Any CPU
	EndGlobalSection
	GlobalSection(SolutionProperties) = preSolution
		HideSolutionNode = FALSE
	EndGlobalSection
EndGlobal
