
Microsoft Visual Studio Solution File, Format Version 12.00
# Visual Studio 2017
Project("{FAE04EC0-301F-11D3-BF4B-00C04F79EFBC}") = "Turtle_Bomb_(prototype)", "Turtle_Bomb_(prototype).csproj", "{C2016E2B-4E34-5D41-BB31-30EED3206A94}"
EndProject
Project("{FAE04EC0-301F-11D3-BF4B-00C04F79EFBC}") = "Turtle_Bomb_(prototype).Editor", "Turtle_Bomb_(prototype).Editor.csproj", "{D1154A6F-D79E-5E7C-AEF7-9A1C237F1F50}"
EndProject
Global
	GlobalSection(SolutionConfigurationPlatforms) = preSolution
		Debug|Any CPU = Debug|Any CPU
		Release|Any CPU = Release|Any CPU
	EndGlobalSection
	GlobalSection(ProjectConfigurationPlatforms) = postSolution
		{C2016E2B-4E34-5D41-BB31-30EED3206A94}.Debug|Any CPU.ActiveCfg = Debug|Any CPU
		{C2016E2B-4E34-5D41-BB31-30EED3206A94}.Debug|Any CPU.Build.0 = Debug|Any CPU
		{C2016E2B-4E34-5D41-BB31-30EED3206A94}.Release|Any CPU.ActiveCfg = Release|Any CPU
		{C2016E2B-4E34-5D41-BB31-30EED3206A94}.Release|Any CPU.Build.0 = Release|Any CPU
		{D1154A6F-D79E-5E7C-AEF7-9A1C237F1F50}.Debug|Any CPU.ActiveCfg = Debug|Any CPU
		{D1154A6F-D79E-5E7C-AEF7-9A1C237F1F50}.Debug|Any CPU.Build.0 = Debug|Any CPU
		{D1154A6F-D79E-5E7C-AEF7-9A1C237F1F50}.Release|Any CPU.ActiveCfg = Release|Any CPU
		{D1154A6F-D79E-5E7C-AEF7-9A1C237F1F50}.Release|Any CPU.Build.0 = Release|Any CPU
	EndGlobalSection
	GlobalSection(SolutionProperties) = preSolution
		HideSolutionNode = FALSE
	EndGlobalSection
EndGlobal
